Microsoft Visual Studio Solution File, Format Version 12.00
# Visual Studio Version 16
VisualStudioVersion = 16.0.29509.3
MinimumVisualStudioVersion = 10.0.40219.1
Project("{9A19103F-16F7-4668-BE54-9A1E7A4F7556}") = "JDS.OrgManager.Domain", "JDS.OrgManager.Domain\JDS.OrgManager.Domain.csproj", "{3FE06174-CBCC-4036-A425-F9BAEA4C3B8D}"
EndProject
Project("{9A19103F-16F7-4668-BE54-9A1E7A4F7556}") = "JDS.OrgManager.Application", "JDS.OrgManager.Application\JDS.OrgManager.Application.csproj", "{8C7EE6C2-D927-4395-B946-5EB8ECF9045C}"
EndProject
Project("{9A19103F-16F7-4668-BE54-9A1E7A4F7556}") = "JDS.OrgManager.Common", "JDS.OrgManager.Common\JDS.OrgManager.Common.csproj", "{00F304EA-3BA3-4779-B6B6-3862456AEB4D}"
EndProject
Project("{9A19103F-16F7-4668-BE54-9A1E7A4F7556}") = "JDS.OrgManager.Persistence", "JDS.OrgManager.Persistence\JDS.OrgManager.Persistence.csproj", "{F92624EB-50F5-4817-BE77-FE318CB7119F}"
EndProject
Project("{9A19103F-16F7-4668-BE54-9A1E7A4F7556}") = "JDS.OrgManager.Infrastructure", "JDS.OrgManager.Infrastructure\JDS.OrgManager.Infrastructure.csproj", "{A23FDCA1-9DDA-4D79-8DDA-DAD946B8F839}"
EndProject
Project("{9A19103F-16F7-4668-BE54-9A1E7A4F7556}") = "JDS.OrgManager.Presentation.ConsoleApp", "JDS.OrgManager.Presentation.ConsoleApp\JDS.OrgManager.Presentation.ConsoleApp.csproj", "{CA5D1499-B033-4392-AA25-7822FCD3B7A5}"
EndProject
Project("{9A19103F-16F7-4668-BE54-9A1E7A4F7556}") = "JDS.OrgManager.Utils", "JDS.OrgManager.Utils\JDS.OrgManager.Utils.csproj", "{1D912341-C871-4660-B422-C0A4EC32E3A2}"
EndProject
Project("{9A19103F-16F7-4668-BE54-9A1E7A4F7556}") = "JDS.OrgManager.Domain.Accounting", "JDS.OrgManager.Domain.Accounting\JDS.OrgManager.Domain.Accounting.csproj", "{BE75E13C-6057-402A-8581-80629BFF735F}"
EndProject
Project("{9A19103F-16F7-4668-BE54-9A1E7A4F7556}") = "JDS.OrgManager.Application.Accounting", "JDS.OrgManager.Application.Accounting\JDS.OrgManager.Application.Accounting.csproj", "{D5B66E11-D88C-4279-96A0-01836A22F20E}"
EndProject
Project("{9A19103F-16F7-4668-BE54-9A1E7A4F7556}") = "JDS.OrgManager.Application.UnitTests", "JDS.OrgManager.Application.UnitTests\JDS.OrgManager.Application.UnitTests.csproj", "{63CEE1B5-B26A-4B45-9317-00945F7EFF4B}"
EndProject
Project("{6EC3EE1D-3C4E-46DD-8F32-0CC8E7565705}") = "JDS.OrgManager.Domain.HumanResources.Advanced", "JDS.OrgManager.Domain.HumanResources.Advanced\JDS.OrgManager.Domain.HumanResources.Advanced.fsproj", "{4692AB18-86ED-4D69-848B-493E951FD67A}"
EndProject
Project("{9A19103F-16F7-4668-BE54-9A1E7A4F7556}") = "JDS.OrgManager.Domain.HumanResources.Advanced.UnitTests", "JDS.OrgManager.Domain.HumanResources.Advanced.Tests\JDS.OrgManager.Domain.HumanResources.Advanced.UnitTests.csproj", "{1E5563FD-F347-461A-9C0F-78EFDD4E1478}"
EndProject
Project("{9A19103F-16F7-4668-BE54-9A1E7A4F7556}") = "JDS.OrgManager.Presentation.WebApi", "JDS.OrgManager.Presentation.WebApi\JDS.OrgManager.Presentation.WebApi.csproj", "{7233F81C-9D8F-4992-B2C5-506C9ACB005A}"
	ProjectSection(ProjectDependencies) = postProject
		{7803461E-97E3-4115-BB00-7EE7C4358184} = {7803461E-97E3-4115-BB00-7EE7C4358184}
	EndProjectSection
EndProject
Project("{6EC3EE1D-3C4E-46DD-8F32-0CC8E7565705}") = "JDS.OrgManager.TypescriptGenerator", "JDS.OrgManager.TypescriptGenerator\JDS.OrgManager.TypescriptGenerator.fsproj", "{7803461E-97E3-4115-BB00-7EE7C4358184}"
EndProject
Global
	GlobalSection(SolutionConfigurationPlatforms) = preSolution
		Debug|Any CPU = Debug|Any CPU
		Release|Any CPU = Release|Any CPU
	EndGlobalSection
	GlobalSection(ProjectConfigurationPlatforms) = postSolution
		{3FE06174-CBCC-4036-A425-F9BAEA4C3B8D}.Debug|Any CPU.ActiveCfg = Debug|Any CPU
		{3FE06174-CBCC-4036-A425-F9BAEA4C3B8D}.Debug|Any CPU.Build.0 = Debug|Any CPU
		{3FE06174-CBCC-4036-A425-F9BAEA4C3B8D}.Release|Any CPU.ActiveCfg = Release|Any CPU
		{3FE06174-CBCC-4036-A425-F9BAEA4C3B8D}.Release|Any CPU.Build.0 = Release|Any CPU
		{8C7EE6C2-D927-4395-B946-5EB8ECF9045C}.Debug|Any CPU.ActiveCfg = Debug|Any CPU
		{8C7EE6C2-D927-4395-B946-5EB8ECF9045C}.Debug|Any CPU.Build.0 = Debug|Any CPU
		{8C7EE6C2-D927-4395-B946-5EB8ECF9045C}.Release|Any CPU.ActiveCfg = Release|Any CPU
		{8C7EE6C2-D927-4395-B946-5EB8ECF9045C}.Release|Any CPU.Build.0 = Release|Any CPU
		{00F304EA-3BA3-4779-B6B6-3862456AEB4D}.Debug|Any CPU.ActiveCfg = Debug|Any CPU
		{00F304EA-3BA3-4779-B6B6-3862456AEB4D}.Debug|Any CPU.Build.0 = Debug|Any CPU
		{00F304EA-3BA3-4779-B6B6-3862456AEB4D}.Release|Any CPU.ActiveCfg = Release|Any CPU
		{00F304EA-3BA3-4779-B6B6-3862456AEB4D}.Release|Any CPU.Build.0 = Release|Any CPU
		{F92624EB-50F5-4817-BE77-FE318CB7119F}.Debug|Any CPU.ActiveCfg = Debug|Any CPU
		{F92624EB-50F5-4817-BE77-FE318CB7119F}.Debug|Any CPU.Build.0 = Debug|Any CPU
		{F92624EB-50F5-4817-BE77-FE318CB7119F}.Release|Any CPU.ActiveCfg = Release|Any CPU
		{F92624EB-50F5-4817-BE77-FE318CB7119F}.Release|Any CPU.Build.0 = Release|Any CPU
		{A23FDCA1-9DDA-4D79-8DDA-DAD946B8F839}.Debug|Any CPU.ActiveCfg = Debug|Any CPU
		{A23FDCA1-9DDA-4D79-8DDA-DAD946B8F839}.Debug|Any CPU.Build.0 = Debug|Any CPU
		{A23FDCA1-9DDA-4D79-8DDA-DAD946B8F839}.Release|Any CPU.ActiveCfg = Release|Any CPU
		{A23FDCA1-9DDA-4D79-8DDA-DAD946B8F839}.Release|Any CPU.Build.0 = Release|Any CPU
		{CA5D1499-B033-4392-AA25-7822FCD3B7A5}.Debug|Any CPU.ActiveCfg = Debug|Any CPU
		{CA5D1499-B033-4392-AA25-7822FCD3B7A5}.Debug|Any CPU.Build.0 = Debug|Any CPU
		{CA5D1499-B033-4392-AA25-7822FCD3B7A5}.Release|Any CPU.ActiveCfg = Release|Any CPU
		{CA5D1499-B033-4392-AA25-7822FCD3B7A5}.Release|Any CPU.Build.0 = Release|Any CPU
		{1D912341-C871-4660-B422-C0A4EC32E3A2}.Debug|Any CPU.ActiveCfg = Debug|Any CPU
		{1D912341-C871-4660-B422-C0A4EC32E3A2}.Debug|Any CPU.Build.0 = Debug|Any CPU
		{1D912341-C871-4660-B422-C0A4EC32E3A2}.Release|Any CPU.ActiveCfg = Release|Any CPU
		{1D912341-C871-4660-B422-C0A4EC32E3A2}.Release|Any CPU.Build.0 = Release|Any CPU
		{BE75E13C-6057-402A-8581-80629BFF735F}.Debug|Any CPU.ActiveCfg = Debug|Any CPU
		{BE75E13C-6057-402A-8581-80629BFF735F}.Debug|Any CPU.Build.0 = Debug|Any CPU
		{BE75E13C-6057-402A-8581-80629BFF735F}.Release|Any CPU.ActiveCfg = Release|Any CPU
		{BE75E13C-6057-402A-8581-80629BFF735F}.Release|Any CPU.Build.0 = Release|Any CPU
		{D5B66E11-D88C-4279-96A0-01836A22F20E}.Debug|Any CPU.ActiveCfg = Debug|Any CPU
		{D5B66E11-D88C-4279-96A0-01836A22F20E}.Debug|Any CPU.Build.0 = Debug|Any CPU
		{D5B66E11-D88C-4279-96A0-01836A22F20E}.Release|Any CPU.ActiveCfg = Release|Any CPU
		{D5B66E11-D88C-4279-96A0-01836A22F20E}.Release|Any CPU.Build.0 = Release|Any CPU
		{63CEE1B5-B26A-4B45-9317-00945F7EFF4B}.Debug|Any CPU.ActiveCfg = Debug|Any CPU
		{63CEE1B5-B26A-4B45-9317-00945F7EFF4B}.Debug|Any CPU.Build.0 = Debug|Any CPU
		{63CEE1B5-B26A-4B45-9317-00945F7EFF4B}.Release|Any CPU.ActiveCfg = Release|Any CPU
		{63CEE1B5-B26A-4B45-9317-00945F7EFF4B}.Release|Any CPU.Build.0 = Release|Any CPU
		{4692AB18-86ED-4D69-848B-493E951FD67A}.Debug|Any CPU.ActiveCfg = Debug|Any CPU
		{4692AB18-86ED-4D69-848B-493E951FD67A}.Debug|Any CPU.Build.0 = Debug|Any CPU
		{4692AB18-86ED-4D69-848B-493E951FD67A}.Release|Any CPU.ActiveCfg = Release|Any CPU
		{4692AB18-86ED-4D69-848B-493E951FD67A}.Release|Any CPU.Build.0 = Release|Any CPU
		{1E5563FD-F347-461A-9C0F-78EFDD4E1478}.Debug|Any CPU.ActiveCfg = Debug|Any CPU
		{1E5563FD-F347-461A-9C0F-78EFDD4E1478}.Debug|Any CPU.Build.0 = Debug|Any CPU
		{1E5563FD-F347-461A-9C0F-78EFDD4E1478}.Release|Any CPU.ActiveCfg = Release|Any CPU
		{1E5563FD-F347-461A-9C0F-78EFDD4E1478}.Release|Any CPU.Build.0 = Release|Any CPU
		{7233F81C-9D8F-4992-B2C5-506C9ACB005A}.Debug|Any CPU.ActiveCfg = Debug|Any CPU
		{7233F81C-9D8F-4992-B2C5-506C9ACB005A}.Debug|Any CPU.Build.0 = Debug|Any CPU
		{7233F81C-9D8F-4992-B2C5-506C9ACB005A}.Release|Any CPU.ActiveCfg = Release|Any CPU
		{7233F81C-9D8F-4992-B2C5-506C9ACB005A}.Release|Any CPU.Build.0 = Release|Any CPU
		{7803461E-97E3-4115-BB00-7EE7C4358184}.Debug|Any CPU.ActiveCfg = Debug|Any CPU
		{7803461E-97E3-4115-BB00-7EE7C4358184}.Debug|Any CPU.Build.0 = Debug|Any CPU
		{7803461E-97E3-4115-BB00-7EE7C4358184}.Release|Any CPU.ActiveCfg = Release|Any CPU
		{7803461E-97E3-4115-BB00-7EE7C4358184}.Release|Any CPU.Build.0 = Release|Any CPU
	EndGlobalSection
	GlobalSection(SolutionProperties) = preSolution
		HideSolutionNode = FALSE
	EndGlobalSection
	GlobalSection(ExtensibilityGlobals) = postSolution
		SolutionGuid = {51E7B560-642B-48FC-B4EE-3FF4C1922D1E}
	EndGlobalSection
EndGlobal
